// !$*UTF8*$!
{
	archiveVersion = 1;
	classes = {
	};
	objectVersion = 46;
	objects = {

/* Begin PBXBuildFile section */
		2757D1011850CD94003ACBAF /* Foundation.framework in Frameworks */ = {isa = PBXBuildFile; fileRef = 2757D1001850CD94003ACBAF /* Foundation.framework */; };
		2757D1031850CD94003ACBAF /* CoreGraphics.framework in Frameworks */ = {isa = PBXBuildFile; fileRef = 2757D1021850CD94003ACBAF /* CoreGraphics.framework */; };
		2757D1051850CD94003ACBAF /* UIKit.framework in Frameworks */ = {isa = PBXBuildFile; fileRef = 2757D1041850CD94003ACBAF /* UIKit.framework */; };
		2757D10B1850CD94003ACBAF /* InfoPlist.strings in Resources */ = {isa = PBXBuildFile; fileRef = 2757D1091850CD94003ACBAF /* InfoPlist.strings */; };
		2757D10D1850CD94003ACBAF /* main.m in Sources */ = {isa = PBXBuildFile; fileRef = 2757D10C1850CD94003ACBAF /* main.m */; };
		2757D1111850CD94003ACBAF /* AppDelegate.m in Sources */ = {isa = PBXBuildFile; fileRef = 2757D1101850CD94003ACBAF /* AppDelegate.m */; };
		2757D1171850CD94003ACBAF /* ViewController.m in Sources */ = {isa = PBXBuildFile; fileRef = 2757D1161850CD94003ACBAF /* ViewController.m */; };
		D2173EE2CC30A1C36A848B56 /* Pods_PublisherSample.framework in Frameworks */ = {isa = PBXBuildFile; fileRef = B23958F1151443DD84B987D5 /* Pods_PublisherSample.framework */; };
		F6B6E75A1D6749F2004AA48A /* Default-568h@2x.png in Resources */ = {isa = PBXBuildFile; fileRef = F6B6E7591D6749F2004AA48A /* Default-568h@2x.png */; };
/* End PBXBuildFile section */

/* Begin PBXFileReference section */
		2757D0FD1850CD94003ACBAF /* PublisherSample.app */ = {isa = PBXFileReference; explicitFileType = wrapper.application; includeInIndex = 0; path = PublisherSample.app; sourceTree = BUILT_PRODUCTS_DIR; };
		2757D1001850CD94003ACBAF /* Foundation.framework */ = {isa = PBXFileReference; lastKnownFileType = wrapper.framework; name = Foundation.framework; path = System/Library/Frameworks/Foundation.framework; sourceTree = SDKROOT; };
		2757D1021850CD94003ACBAF /* CoreGraphics.framework */ = {isa = PBXFileReference; lastKnownFileType = wrapper.framework; name = CoreGraphics.framework; path = System/Library/Frameworks/CoreGraphics.framework; sourceTree = SDKROOT; };
		2757D1041850CD94003ACBAF /* UIKit.framework */ = {isa = PBXFileReference; lastKnownFileType = wrapper.framework; name = UIKit.framework; path = System/Library/Frameworks/UIKit.framework; sourceTree = SDKROOT; };
		2757D1081850CD94003ACBAF /* PublisherSample-Info.plist */ = {isa = PBXFileReference; lastKnownFileType = text.plist.xml; path = "PublisherSample-Info.plist"; sourceTree = "<group>"; };
		2757D10A1850CD94003ACBAF /* en */ = {isa = PBXFileReference; lastKnownFileType = text.plist.strings; name = en; path = en.lproj/InfoPlist.strings; sourceTree = "<group>"; };
		2757D10C1850CD94003ACBAF /* main.m */ = {isa = PBXFileReference; lastKnownFileType = sourcecode.c.objc; path = main.m; sourceTree = "<group>"; };
		2757D10E1850CD94003ACBAF /* PublisherSample-Prefix.pch */ = {isa = PBXFileReference; lastKnownFileType = sourcecode.c.h; path = "PublisherSample-Prefix.pch"; sourceTree = "<group>"; };
		2757D10F1850CD94003ACBAF /* AppDelegate.h */ = {isa = PBXFileReference; lastKnownFileType = sourcecode.c.h; path = AppDelegate.h; sourceTree = "<group>"; };
		2757D1101850CD94003ACBAF /* AppDelegate.m */ = {isa = PBXFileReference; lastKnownFileType = sourcecode.c.objc; path = AppDelegate.m; sourceTree = "<group>"; };
		2757D1151850CD94003ACBAF /* ViewController.h */ = {isa = PBXFileReference; lastKnownFileType = sourcecode.c.h; path = ViewController.h; sourceTree = "<group>"; };
		2757D1161850CD94003ACBAF /* ViewController.m */ = {isa = PBXFileReference; lastKnownFileType = sourcecode.c.objc; path = ViewController.m; sourceTree = "<group>"; };
		67F966D56091DB14E655884E /* Pods-PublisherSample.debug.xcconfig */ = {isa = PBXFileReference; includeInIndex = 1; lastKnownFileType = text.xcconfig; name = "Pods-PublisherSample.debug.xcconfig"; path = "Pods/Target Support Files/Pods-PublisherSample/Pods-PublisherSample.debug.xcconfig"; sourceTree = "<group>"; };
		9F1660A7AE1ED55ED643E2DD /* Pods-PublisherSample.release.xcconfig */ = {isa = PBXFileReference; includeInIndex = 1; lastKnownFileType = text.xcconfig; name = "Pods-PublisherSample.release.xcconfig"; path = "Pods/Target Support Files/Pods-PublisherSample/Pods-PublisherSample.release.xcconfig"; sourceTree = "<group>"; };
		B23958F1151443DD84B987D5 /* Pods_PublisherSample.framework */ = {isa = PBXFileReference; explicitFileType = wrapper.framework; includeInIndex = 0; path = Pods_PublisherSample.framework; sourceTree = BUILT_PRODUCTS_DIR; };
		F6B6E7591D6749F2004AA48A /* Default-568h@2x.png */ = {isa = PBXFileReference; lastKnownFileType = image.png; path = "Default-568h@2x.png"; sourceTree = "<group>"; };
		F6B6E75D1D674A15004AA48A /* Podfile */ = {isa = PBXFileReference; fileEncoding = 4; lastKnownFileType = text; path = Podfile; sourceTree = "<group>"; };
/* End PBXFileReference section */

/* Begin PBXFrameworksBuildPhase section */
		2757D0FA1850CD94003ACBAF /* Frameworks */ = {
			isa = PBXFrameworksBuildPhase;
			buildActionMask = 2147483647;
			files = (
				2757D1031850CD94003ACBAF /* CoreGraphics.framework in Frameworks */,
				2757D1051850CD94003ACBAF /* UIKit.framework in Frameworks */,
				2757D1011850CD94003ACBAF /* Foundation.framework in Frameworks */,
				D2173EE2CC30A1C36A848B56 /* Pods_PublisherSample.framework in Frameworks */,
			);
			runOnlyForDeploymentPostprocessing = 0;
		};
/* End PBXFrameworksBuildPhase section */

/* Begin PBXGroup section */
		2757D0F41850CD94003ACBAF = {
			isa = PBXGroup;
			children = (
				F6B6E75D1D674A15004AA48A /* Podfile */,
				F6B6E7591D6749F2004AA48A /* Default-568h@2x.png */,
				2757D1061850CD94003ACBAF /* PublisherSample */,
				2757D0FF1850CD94003ACBAF /* Frameworks */,
				2757D0FE1850CD94003ACBAF /* Products */,
				5B040C739B9C8A296D91FE5D /* Pods */,
			);
			sourceTree = "<group>";
		};
		2757D0FE1850CD94003ACBAF /* Products */ = {
			isa = PBXGroup;
			children = (
				2757D0FD1850CD94003ACBAF /* PublisherSample.app */,
			);
			name = Products;
			sourceTree = "<group>";
		};
		2757D0FF1850CD94003ACBAF /* Frameworks */ = {
			isa = PBXGroup;
			children = (
				2757D1001850CD94003ACBAF /* Foundation.framework */,
				2757D1021850CD94003ACBAF /* CoreGraphics.framework */,
				2757D1041850CD94003ACBAF /* UIKit.framework */,
				B23958F1151443DD84B987D5 /* Pods_PublisherSample.framework */,
			);
			name = Frameworks;
			sourceTree = "<group>";
		};
		2757D1061850CD94003ACBAF /* PublisherSample */ = {
			isa = PBXGroup;
			children = (
				2757D10F1850CD94003ACBAF /* AppDelegate.h */,
				2757D1101850CD94003ACBAF /* AppDelegate.m */,
				2757D1151850CD94003ACBAF /* ViewController.h */,
				2757D1161850CD94003ACBAF /* ViewController.m */,
				2757D1071850CD94003ACBAF /* Supporting Files */,
			);
			path = PublisherSample;
			sourceTree = "<group>";
		};
		2757D1071850CD94003ACBAF /* Supporting Files */ = {
			isa = PBXGroup;
			children = (
				2757D1081850CD94003ACBAF /* PublisherSample-Info.plist */,
				2757D1091850CD94003ACBAF /* InfoPlist.strings */,
				2757D10C1850CD94003ACBAF /* main.m */,
				2757D10E1850CD94003ACBAF /* PublisherSample-Prefix.pch */,
			);
			name = "Supporting Files";
			sourceTree = "<group>";
		};
		5B040C739B9C8A296D91FE5D /* Pods */ = {
			isa = PBXGroup;
			children = (
				67F966D56091DB14E655884E /* Pods-PublisherSample.debug.xcconfig */,
				9F1660A7AE1ED55ED643E2DD /* Pods-PublisherSample.release.xcconfig */,
			);
			name = Pods;
			sourceTree = "<group>";
		};
/* End PBXGroup section */

/* Begin PBXNativeTarget section */
		2757D0FC1850CD94003ACBAF /* PublisherSample */ = {
			isa = PBXNativeTarget;
			buildConfigurationList = 2757D12F1850CD95003ACBAF /* Build configuration list for PBXNativeTarget "PublisherSample" */;
			buildPhases = (
				0C08D25292F34EAA51C00240 /* [CP] Check Pods Manifest.lock */,
				2757D0F91850CD94003ACBAF /* Sources */,
				2757D0FA1850CD94003ACBAF /* Frameworks */,
				2757D0FB1850CD94003ACBAF /* Resources */,
				8136761993DB3411C20ED12A /* [CP] Embed Pods Frameworks */,
				95DABD7C0717A61D7CD1510E /* [CP] Copy Pods Resources */,
			);
			buildRules = (
			);
			dependencies = (
			);
			name = PublisherSample;
			productName = PublisherSample;
			productReference = 2757D0FD1850CD94003ACBAF /* PublisherSample.app */;
			productType = "com.apple.product-type.application";
		};
/* End PBXNativeTarget section */

/* Begin PBXProject section */
		2757D0F51850CD94003ACBAF /* Project object */ = {
			isa = PBXProject;
			attributes = {
				LastUpgradeCheck = 0730;
				ORGANIZATIONNAME = "Leafnode AB";
			};
			buildConfigurationList = 2757D0F81850CD94003ACBAF /* Build configuration list for PBXProject "PublisherSample" */;
			compatibilityVersion = "Xcode 3.2";
			developmentRegion = English;
			hasScannedForEncodings = 0;
			knownRegions = (
				en,
				Base,
			);
			mainGroup = 2757D0F41850CD94003ACBAF;
			productRefGroup = 2757D0FE1850CD94003ACBAF /* Products */;
			projectDirPath = "";
			projectRoot = "";
			targets = (
				2757D0FC1850CD94003ACBAF /* PublisherSample */,
			);
		};
/* End PBXProject section */

/* Begin PBXResourcesBuildPhase section */
		2757D0FB1850CD94003ACBAF /* Resources */ = {
			isa = PBXResourcesBuildPhase;
			buildActionMask = 2147483647;
			files = (
				2757D10B1850CD94003ACBAF /* InfoPlist.strings in Resources */,
				F6B6E75A1D6749F2004AA48A /* Default-568h@2x.png in Resources */,
			);
			runOnlyForDeploymentPostprocessing = 0;
		};
/* End PBXResourcesBuildPhase section */

/* Begin PBXShellScriptBuildPhase section */
		0C08D25292F34EAA51C00240 /* [CP] Check Pods Manifest.lock */ = {
			isa = PBXShellScriptBuildPhase;
			buildActionMask = 2147483647;
			files = (
			);
			inputPaths = (
			);
			name = "[CP] Check Pods Manifest.lock";
			outputPaths = (
			);
			runOnlyForDeploymentPostprocessing = 0;
			shellPath = /bin/sh;
			shellScript = "diff \"${PODS_ROOT}/../Podfile.lock\" \"${PODS_ROOT}/Manifest.lock\" > /dev/null\nif [[ $? != 0 ]] ; then\n    cat << EOM\nerror: The sandbox is not in sync with the Podfile.lock. Run 'pod install' or update your CocoaPods installation.\nEOM\n    exit 1\nfi\n";
			showEnvVarsInLog = 0;
		};
		8136761993DB3411C20ED12A /* [CP] Embed Pods Frameworks */ = {
			isa = PBXShellScriptBuildPhase;
			buildActionMask = 2147483647;
			files = (
			);
			inputPaths = (
			);
			name = "[CP] Embed Pods Frameworks";
			outputPaths = (
			);
			runOnlyForDeploymentPostprocessing = 0;
			shellPath = /bin/sh;
			shellScript = "\"${SRCROOT}/Pods/Target Support Files/Pods-PublisherSample/Pods-PublisherSample-frameworks.sh\"\n";
			showEnvVarsInLog = 0;
		};
		95DABD7C0717A61D7CD1510E /* [CP] Copy Pods Resources */ = {
			isa = PBXShellScriptBuildPhase;
			buildActionMask = 2147483647;
			files = (
			);
			inputPaths = (
			);
			name = "[CP] Copy Pods Resources";
			outputPaths = (
			);
			runOnlyForDeploymentPostprocessing = 0;
			shellPath = /bin/sh;
			shellScript = "\"${SRCROOT}/Pods/Target Support Files/Pods-PublisherSample/Pods-PublisherSample-resources.sh\"\n";
			showEnvVarsInLog = 0;
		};
/* End PBXShellScriptBuildPhase section */

/* Begin PBXSourcesBuildPhase section */
		2757D0F91850CD94003ACBAF /* Sources */ = {
			isa = PBXSourcesBuildPhase;
			buildActionMask = 2147483647;
			files = (
				2757D1171850CD94003ACBAF /* ViewController.m in Sources */,
				2757D1111850CD94003ACBAF /* AppDelegate.m in Sources */,
				2757D10D1850CD94003ACBAF /* main.m in Sources */,
			);
			runOnlyForDeploymentPostprocessing = 0;
		};
/* End PBXSourcesBuildPhase section */

/* Begin PBXVariantGroup section */
		2757D1091850CD94003ACBAF /* InfoPlist.strings */ = {
			isa = PBXVariantGroup;
			children = (
				2757D10A1850CD94003ACBAF /* en */,
			);
			name = InfoPlist.strings;
			sourceTree = "<group>";
		};
/* End PBXVariantGroup section */

/* Begin XCBuildConfiguration section */
		2757D12D1850CD95003ACBAF /* Debug */ = {
			isa = XCBuildConfiguration;
			buildSettings = {
				ALWAYS_SEARCH_USER_PATHS = NO;
				CLANG_CXX_LANGUAGE_STANDARD = "gnu++0x";
				CLANG_CXX_LIBRARY = "libc++";
				CLANG_ENABLE_MODULES = YES;
				CLANG_ENABLE_OBJC_ARC = YES;
				CLANG_WARN_BOOL_CONVERSION = YES;
				CLANG_WARN_CONSTANT_CONVERSION = YES;
				CLANG_WARN_DIRECT_OBJC_ISA_USAGE = YES_ERROR;
				CLANG_WARN_EMPTY_BODY = YES;
				CLANG_WARN_ENUM_CONVERSION = YES;
				CLANG_WARN_INT_CONVERSION = YES;
				CLANG_WARN_OBJC_ROOT_CLASS = YES_ERROR;
				CLANG_WARN__DUPLICATE_METHOD_MATCH = YES;
				"CODE_SIGN_IDENTITY[sdk=iphoneos*]" = "iPhone Developer";
				COPY_PHASE_STRIP = NO;
				ENABLE_TESTABILITY = YES;
				GCC_C_LANGUAGE_STANDARD = gnu99;
				GCC_DYNAMIC_NO_PIC = NO;
				GCC_OPTIMIZATION_LEVEL = 0;
				GCC_PREPROCESSOR_DEFINITIONS = (
					"DEBUG=1",
					"$(inherited)",
				);
				GCC_SYMBOLS_PRIVATE_EXTERN = NO;
				GCC_WARN_64_TO_32_BIT_CONVERSION = YES;
				GCC_WARN_ABOUT_RETURN_TYPE = YES_ERROR;
				GCC_WARN_UNDECLARED_SELECTOR = YES;
				GCC_WARN_UNINITIALIZED_AUTOS = YES;
				GCC_WARN_UNUSED_FUNCTION = YES;
				GCC_WARN_UNUSED_VARIABLE = YES;
				IPHONEOS_DEPLOYMENT_TARGET = 7.0;
				ONLY_ACTIVE_ARCH = YES;
				SDKROOT = iphoneos;
				USER_HEADER_SEARCH_PATHS = "\"$(PROJECT_DIR)/../../\"";
			};
			name = Debug;
		};
		2757D12E1850CD95003ACBAF /* Release */ = {
			isa = XCBuildConfiguration;
			buildSettings = {
				ALWAYS_SEARCH_USER_PATHS = NO;
				CLANG_CXX_LANGUAGE_STANDARD = "gnu++0x";
				CLANG_CXX_LIBRARY = "libc++";
				CLANG_ENABLE_MODULES = YES;
				CLANG_ENABLE_OBJC_ARC = YES;
				CLANG_WARN_BOOL_CONVERSION = YES;
				CLANG_WARN_CONSTANT_CONVERSION = YES;
				CLANG_WARN_DIRECT_OBJC_ISA_USAGE = YES_ERROR;
				CLANG_WARN_EMPTY_BODY = YES;
				CLANG_WARN_ENUM_CONVERSION = YES;
				CLANG_WARN_INT_CONVERSION = YES;
				CLANG_WARN_OBJC_ROOT_CLASS = YES_ERROR;
				CLANG_WARN__DUPLICATE_METHOD_MATCH = YES;
				"CODE_SIGN_IDENTITY[sdk=iphoneos*]" = "iPhone Developer";
				COPY_PHASE_STRIP = YES;
				ENABLE_NS_ASSERTIONS = NO;
				GCC_C_LANGUAGE_STANDARD = gnu99;
				GCC_WARN_64_TO_32_BIT_CONVERSION = YES;
				GCC_WARN_ABOUT_RETURN_TYPE = YES_ERROR;
				GCC_WARN_UNDECLARED_SELECTOR = YES;
				GCC_WARN_UNINITIALIZED_AUTOS = YES;
				GCC_WARN_UNUSED_FUNCTION = YES;
				GCC_WARN_UNUSED_VARIABLE = YES;
				IPHONEOS_DEPLOYMENT_TARGET = 7.0;
				SDKROOT = iphoneos;
				USER_HEADER_SEARCH_PATHS = "\"$(PROJECT_DIR)/../../\"";
				VALIDATE_PRODUCT = YES;
			};
			name = Release;
		};
		2757D1301850CD95003ACBAF /* Debug */ = {
			isa = XCBuildConfiguration;
			baseConfigurationReference = 67F966D56091DB14E655884E /* Pods-PublisherSample.debug.xcconfig */;
			buildSettings = {
				GCC_PRECOMPILE_PREFIX_HEADER = YES;
				GCC_PREFIX_HEADER = "PublisherSample/PublisherSample-Prefix.pch";
				INFOPLIST_FILE = "PublisherSample/PublisherSample-Info.plist";
				IPHONEOS_DEPLOYMENT_TARGET = 8.0;
				PRODUCT_BUNDLE_IDENTIFIER = "se.leafnode.HHServices.${PRODUCT_NAME:rfc1034identifier}";
				PRODUCT_NAME = "$(TARGET_NAME)";
				WRAPPER_EXTENSION = app;
			};
			name = Debug;
		};
		2757D1311850CD95003ACBAF /* Release */ = {
			isa = XCBuildConfiguration;
			baseConfigurationReference = 9F1660A7AE1ED55ED643E2DD /* Pods-PublisherSample.release.xcconfig */;
			buildSettings = {
				GCC_PRECOMPILE_PREFIX_HEADER = YES;
				GCC_PREFIX_HEADER = "PublisherSample/PublisherSample-Prefix.pch";
				INFOPLIST_FILE = "PublisherSample/PublisherSample-Info.plist";
				IPHONEOS_DEPLOYMENT_TARGET = 8.0;
				PRODUCT_BUNDLE_IDENTIFIER = "se.leafnode.HHServices.${PRODUCT_NAME:rfc1034identifier}";
				PRODUCT_NAME = "$(TARGET_NAME)";
				WRAPPER_EXTENSION = app;
			};
			name = Release;
		};
/* End XCBuildConfiguration section */

/* Begin XCConfigurationList section */
		2757D0F81850CD94003ACBAF /* Build configuration list for PBXProject "PublisherSample" */ = {
			isa = XCConfigurationList;
			buildConfigurations = (
				2757D12D1850CD95003ACBAF /* Debug */,
				2757D12E1850CD95003ACBAF /* Release */,
			);
			defaultConfigurationIsVisible = 0;
			defaultConfigurationName = Release;
		};
		2757D12F1850CD95003ACBAF /* Build configuration list for PBXNativeTarget "PublisherSample" */ = {
			isa = XCConfigurationList;
			buildConfigurations = (
				2757D1301850CD95003ACBAF /* Debug */,
				2757D1311850CD95003ACBAF /* Release */,
			);
			defaultConfigurationIsVisible = 0;
			defaultConfigurationName = Release;
		};
/* End XCConfigurationList section */
	};
	rootObject = 2757D0F51850CD94003ACBAF /* Project object */;
}
