// !$*UTF8*$!
{
	archiveVersion = 1;
	classes = {
	};
	objectVersion = 46;
	objects = {

/* Begin PBXBuildFile section */
		F6B6E78F1D68A741004AA48A /* HHService.h in Headers */ = {isa = PBXBuildFile; fileRef = F6B6E7821D68A741004AA48A /* HHService.h */; settings = {ATTRIBUTES = (Public, ); }; };
		F6B6E7901D68A741004AA48A /* HHService.m in Sources */ = {isa = PBXBuildFile; fileRef = F6B6E7831D68A741004AA48A /* HHService.m */; };
		F6B6E7911D68A741004AA48A /* HHServiceBrowser.h in Headers */ = {isa = PBXBuildFile; fileRef = F6B6E7841D68A741004AA48A /* HHServiceBrowser.h */; settings = {ATTRIBUTES = (Public, ); }; };
		F6B6E7921D68A741004AA48A /* HHServiceBrowser.m in Sources */ = {isa = PBXBuildFile; fileRef = F6B6E7851D68A741004AA48A /* HHServiceBrowser.m */; };
		F6B6E7931D68A741004AA48A /* HHServiceDiscoveryOperation+Private.h in Headers */ = {isa = PBXBuildFile; fileRef = F6B6E7861D68A741004AA48A /* HHServiceDiscoveryOperation+Private.h */; settings = {ATTRIBUTES = (Private, ); }; };
		F6B6E7941D68A741004AA48A /* HHServiceDiscoveryOperation.h in Headers */ = {isa = PBXBuildFile; fileRef = F6B6E7871D68A741004AA48A /* HHServiceDiscoveryOperation.h */; settings = {ATTRIBUTES = (Public, ); }; };
		F6B6E7951D68A741004AA48A /* HHServiceDiscoveryOperation.m in Sources */ = {isa = PBXBuildFile; fileRef = F6B6E7881D68A741004AA48A /* HHServiceDiscoveryOperation.m */; };
		F6B6E7961D68A741004AA48A /* HHServicePublisher.h in Headers */ = {isa = PBXBuildFile; fileRef = F6B6E7891D68A741004AA48A /* HHServicePublisher.h */; settings = {ATTRIBUTES = (Public, ); }; };
		F6B6E7971D68A741004AA48A /* HHServicePublisher.m in Sources */ = {isa = PBXBuildFile; fileRef = F6B6E78A1D68A741004AA48A /* HHServicePublisher.m */; };
		F6B6E7991D68A741004AA48A /* HHServices.h in Headers */ = {isa = PBXBuildFile; fileRef = F6B6E78D1D68A741004AA48A /* HHServices.h */; settings = {ATTRIBUTES = (Public, ); }; };
		F6B6E79A1D68A741004AA48A /* Info.plist in Resources */ = {isa = PBXBuildFile; fileRef = F6B6E78E1D68A741004AA48A /* Info.plist */; };
/* End PBXBuildFile section */

/* Begin PBXFileReference section */
		F6B6E7761D68A6E0004AA48A /* HHServices.framework */ = {isa = PBXFileReference; explicitFileType = wrapper.framework; includeInIndex = 0; path = HHServices.framework; sourceTree = BUILT_PRODUCTS_DIR; };
		F6B6E7821D68A741004AA48A /* HHService.h */ = {isa = PBXFileReference; fileEncoding = 4; lastKnownFileType = sourcecode.c.h; path = HHService.h; sourceTree = "<group>"; };
		F6B6E7831D68A741004AA48A /* HHService.m */ = {isa = PBXFileReference; fileEncoding = 4; lastKnownFileType = sourcecode.c.objc; path = HHService.m; sourceTree = "<group>"; };
		F6B6E7841D68A741004AA48A /* HHServiceBrowser.h */ = {isa = PBXFileReference; fileEncoding = 4; lastKnownFileType = sourcecode.c.h; path = HHServiceBrowser.h; sourceTree = "<group>"; };
		F6B6E7851D68A741004AA48A /* HHServiceBrowser.m */ = {isa = PBXFileReference; fileEncoding = 4; lastKnownFileType = sourcecode.c.objc; path = HHServiceBrowser.m; sourceTree = "<group>"; };
		F6B6E7861D68A741004AA48A /* HHServiceDiscoveryOperation+Private.h */ = {isa = PBXFileReference; fileEncoding = 4; lastKnownFileType = sourcecode.c.h; path = "HHServiceDiscoveryOperation+Private.h"; sourceTree = "<group>"; };
		F6B6E7871D68A741004AA48A /* HHServiceDiscoveryOperation.h */ = {isa = PBXFileReference; fileEncoding = 4; lastKnownFileType = sourcecode.c.h; path = HHServiceDiscoveryOperation.h; sourceTree = "<group>"; };
		F6B6E7881D68A741004AA48A /* HHServiceDiscoveryOperation.m */ = {isa = PBXFileReference; fileEncoding = 4; lastKnownFileType = sourcecode.c.objc; path = HHServiceDiscoveryOperation.m; sourceTree = "<group>"; };
		F6B6E7891D68A741004AA48A /* HHServicePublisher.h */ = {isa = PBXFileReference; fileEncoding = 4; lastKnownFileType = sourcecode.c.h; path = HHServicePublisher.h; sourceTree = "<group>"; };
		F6B6E78A1D68A741004AA48A /* HHServicePublisher.m */ = {isa = PBXFileReference; fileEncoding = 4; lastKnownFileType = sourcecode.c.objc; path = HHServicePublisher.m; sourceTree = "<group>"; };
		F6B6E78D1D68A741004AA48A /* HHServices.h */ = {isa = PBXFileReference; fileEncoding = 4; lastKnownFileType = sourcecode.c.h; path = HHServices.h; sourceTree = "<group>"; };
		F6B6E78E1D68A741004AA48A /* Info.plist */ = {isa = PBXFileReference; fileEncoding = 4; lastKnownFileType = text.plist.xml; path = Info.plist; sourceTree = "<group>"; };
		F6B6E79B1D68A8C1004AA48A /* HHServices-Prefix.pch */ = {isa = PBXFileReference; fileEncoding = 4; lastKnownFileType = sourcecode.c.h; path = "HHServices-Prefix.pch"; sourceTree = "<group>"; };
/* End PBXFileReference section */

/* Begin PBXFrameworksBuildPhase section */
		F6B6E7721D68A6E0004AA48A /* Frameworks */ = {
			isa = PBXFrameworksBuildPhase;
			buildActionMask = 2147483647;
			files = (
			);
			runOnlyForDeploymentPostprocessing = 0;
		};
/* End PBXFrameworksBuildPhase section */

/* Begin PBXGroup section */
		F6B6E76C1D68A6E0004AA48A = {
			isa = PBXGroup;
			children = (
				F6B6E7811D68A741004AA48A /* HHServices */,
				F6B6E78C1D68A741004AA48A /* Supporting Files */,
				F6B6E7771D68A6E0004AA48A /* Products */,
			);
			sourceTree = "<group>";
		};
		F6B6E7771D68A6E0004AA48A /* Products */ = {
			isa = PBXGroup;
			children = (
				F6B6E7761D68A6E0004AA48A /* HHServices.framework */,
			);
			name = Products;
			sourceTree = "<group>";
		};
		F6B6E7811D68A741004AA48A /* HHServices */ = {
			isa = PBXGroup;
			children = (
				F6B6E7821D68A741004AA48A /* HHService.h */,
				F6B6E7831D68A741004AA48A /* HHService.m */,
				F6B6E7841D68A741004AA48A /* HHServiceBrowser.h */,
				F6B6E7851D68A741004AA48A /* HHServiceBrowser.m */,
				F6B6E7861D68A741004AA48A /* HHServiceDiscoveryOperation+Private.h */,
				F6B6E7871D68A741004AA48A /* HHServiceDiscoveryOperation.h */,
				F6B6E7881D68A741004AA48A /* HHServiceDiscoveryOperation.m */,
				F6B6E7891D68A741004AA48A /* HHServicePublisher.h */,
				F6B6E78A1D68A741004AA48A /* HHServicePublisher.m */,
			);
			path = HHServices;
			sourceTree = "<group>";
		};
		F6B6E78C1D68A741004AA48A /* Supporting Files */ = {
			isa = PBXGroup;
			children = (
				F6B6E79B1D68A8C1004AA48A /* HHServices-Prefix.pch */,
				F6B6E78D1D68A741004AA48A /* HHServices.h */,
				F6B6E78E1D68A741004AA48A /* Info.plist */,
			);
			path = "Supporting Files";
			sourceTree = "<group>";
		};
/* End PBXGroup section */

/* Begin PBXHeadersBuildPhase section */
		F6B6E7731D68A6E0004AA48A /* Headers */ = {
			isa = PBXHeadersBuildPhase;
			buildActionMask = 2147483647;
			files = (
				F6B6E7941D68A741004AA48A /* HHServiceDiscoveryOperation.h in Headers */,
				F6B6E7991D68A741004AA48A /* HHServices.h in Headers */,
				F6B6E7961D68A741004AA48A /* HHServicePublisher.h in Headers */,
				F6B6E78F1D68A741004AA48A /* HHService.h in Headers */,
				F6B6E7911D68A741004AA48A /* HHServiceBrowser.h in Headers */,
				F6B6E7931D68A741004AA48A /* HHServiceDiscoveryOperation+Private.h in Headers */,
			);
			runOnlyForDeploymentPostprocessing = 0;
		};
/* End PBXHeadersBuildPhase section */

/* Begin PBXNativeTarget section */
		F6B6E7751D68A6E0004AA48A /* HHServices */ = {
			isa = PBXNativeTarget;
			buildConfigurationList = F6B6E77E1D68A6E0004AA48A /* Build configuration list for PBXNativeTarget "HHServices" */;
			buildPhases = (
				F6B6E7711D68A6E0004AA48A /* Sources */,
				F6B6E7721D68A6E0004AA48A /* Frameworks */,
				F6B6E7731D68A6E0004AA48A /* Headers */,
				F6B6E7741D68A6E0004AA48A /* Resources */,
			);
			buildRules = (
			);
			dependencies = (
			);
			name = HHServices;
			productName = HHServices;
			productReference = F6B6E7761D68A6E0004AA48A /* HHServices.framework */;
			productType = "com.apple.product-type.framework";
		};
/* End PBXNativeTarget section */

/* Begin PBXProject section */
		F6B6E76D1D68A6E0004AA48A /* Project object */ = {
			isa = PBXProject;
			attributes = {
				LastUpgradeCheck = 0730;
				ORGANIZATIONNAME = "Leafnode AB";
				TargetAttributes = {
					F6B6E7751D68A6E0004AA48A = {
						CreatedOnToolsVersion = 7.3.1;
					};
				};
			};
			buildConfigurationList = F6B6E7701D68A6E0004AA48A /* Build configuration list for PBXProject "HHServices" */;
			compatibilityVersion = "Xcode 3.2";
			developmentRegion = English;
			hasScannedForEncodings = 0;
			knownRegions = (
				en,
			);
			mainGroup = F6B6E76C1D68A6E0004AA48A;
			productRefGroup = F6B6E7771D68A6E0004AA48A /* Products */;
			projectDirPath = "";
			projectRoot = "";
			targets = (
				F6B6E7751D68A6E0004AA48A /* HHServices */,
			);
		};
/* End PBXProject section */

/* Begin PBXResourcesBuildPhase section */
		F6B6E7741D68A6E0004AA48A /* Resources */ = {
			isa = PBXResourcesBuildPhase;
			buildActionMask = 2147483647;
			files = (
				F6B6E79A1D68A741004AA48A /* Info.plist in Resources */,
			);
			runOnlyForDeploymentPostprocessing = 0;
		};
/* End PBXResourcesBuildPhase section */

/* Begin PBXSourcesBuildPhase section */
		F6B6E7711D68A6E0004AA48A /* Sources */ = {
			isa = PBXSourcesBuildPhase;
			buildActionMask = 2147483647;
			files = (
				F6B6E7921D68A741004AA48A /* HHServiceBrowser.m in Sources */,
				F6B6E7951D68A741004AA48A /* HHServiceDiscoveryOperation.m in Sources */,
				F6B6E7971D68A741004AA48A /* HHServicePublisher.m in Sources */,
				F6B6E7901D68A741004AA48A /* HHService.m in Sources */,
			);
			runOnlyForDeploymentPostprocessing = 0;
		};
/* End PBXSourcesBuildPhase section */

/* Begin XCBuildConfiguration section */
		F6B6E77C1D68A6E0004AA48A /* Debug */ = {
			isa = XCBuildConfiguration;
			buildSettings = {
				ALWAYS_SEARCH_USER_PATHS = NO;
				CLANG_ANALYZER_NONNULL = YES;
				CLANG_CXX_LANGUAGE_STANDARD = "gnu++0x";
				CLANG_CXX_LIBRARY = "libc++";
				CLANG_ENABLE_MODULES = YES;
				CLANG_ENABLE_OBJC_ARC = YES;
				CLANG_WARN_BOOL_CONVERSION = YES;
				CLANG_WARN_CONSTANT_CONVERSION = YES;
				CLANG_WARN_DIRECT_OBJC_ISA_USAGE = YES_ERROR;
				CLANG_WARN_EMPTY_BODY = YES;
				CLANG_WARN_ENUM_CONVERSION = YES;
				CLANG_WARN_INT_CONVERSION = YES;
				CLANG_WARN_OBJC_ROOT_CLASS = YES_ERROR;
				CLANG_WARN_UNREACHABLE_CODE = YES;
				CLANG_WARN__DUPLICATE_METHOD_MATCH = YES;
				"CODE_SIGN_IDENTITY[sdk=iphoneos*]" = "iPhone Developer";
				COPY_PHASE_STRIP = NO;
				CURRENT_PROJECT_VERSION = 1;
				DEBUG_INFORMATION_FORMAT = dwarf;
				ENABLE_STRICT_OBJC_MSGSEND = YES;
				ENABLE_TESTABILITY = YES;
				GCC_C_LANGUAGE_STANDARD = gnu99;
				GCC_DYNAMIC_NO_PIC = NO;
				GCC_NO_COMMON_BLOCKS = YES;
				GCC_OPTIMIZATION_LEVEL = 0;
				GCC_PREPROCESSOR_DEFINITIONS = (
					"DEBUG=1",
					"$(inherited)",
				);
				GCC_WARN_64_TO_32_BIT_CONVERSION = YES;
				GCC_WARN_ABOUT_RETURN_TYPE = YES_ERROR;
				GCC_WARN_UNDECLARED_SELECTOR = YES;
				GCC_WARN_UNINITIALIZED_AUTOS = YES_AGGRESSIVE;
				GCC_WARN_UNUSED_FUNCTION = YES;
				GCC_WARN_UNUSED_VARIABLE = YES;
				IPHONEOS_DEPLOYMENT_TARGET = 9.3;
				MTL_ENABLE_DEBUG_INFO = YES;
				ONLY_ACTIVE_ARCH = YES;
				SDKROOT = iphoneos;
				TARGETED_DEVICE_FAMILY = "1,2";
				VERSIONING_SYSTEM = "apple-generic";
				VERSION_INFO_PREFIX = "";
			};
			name = Debug;
		};
		F6B6E77D1D68A6E0004AA48A /* Release */ = {
			isa = XCBuildConfiguration;
			buildSettings = {
				ALWAYS_SEARCH_USER_PATHS = NO;
				CLANG_ANALYZER_NONNULL = YES;
				CLANG_CXX_LANGUAGE_STANDARD = "gnu++0x";
				CLANG_CXX_LIBRARY = "libc++";
				CLANG_ENABLE_MODULES = YES;
				CLANG_ENABLE_OBJC_ARC = YES;
				CLANG_WARN_BOOL_CONVERSION = YES;
				CLANG_WARN_CONSTANT_CONVERSION = YES;
				CLANG_WARN_DIRECT_OBJC_ISA_USAGE = YES_ERROR;
				CLANG_WARN_EMPTY_BODY = YES;
				CLANG_WARN_ENUM_CONVERSION = YES;
				CLANG_WARN_INT_CONVERSION = YES;
				CLANG_WARN_OBJC_ROOT_CLASS = YES_ERROR;
				CLANG_WARN_UNREACHABLE_CODE = YES;
				CLANG_WARN__DUPLICATE_METHOD_MATCH = YES;
				"CODE_SIGN_IDENTITY[sdk=iphoneos*]" = "iPhone Developer";
				COPY_PHASE_STRIP = NO;
				CURRENT_PROJECT_VERSION = 1;
				DEBUG_INFORMATION_FORMAT = "dwarf-with-dsym";
				ENABLE_NS_ASSERTIONS = NO;
				ENABLE_STRICT_OBJC_MSGSEND = YES;
				GCC_C_LANGUAGE_STANDARD = gnu99;
				GCC_NO_COMMON_BLOCKS = YES;
				GCC_WARN_64_TO_32_BIT_CONVERSION = YES;
				GCC_WARN_ABOUT_RETURN_TYPE = YES_ERROR;
				GCC_WARN_UNDECLARED_SELECTOR = YES;
				GCC_WARN_UNINITIALIZED_AUTOS = YES_AGGRESSIVE;
				GCC_WARN_UNUSED_FUNCTION = YES;
				GCC_WARN_UNUSED_VARIABLE = YES;
				IPHONEOS_DEPLOYMENT_TARGET = 9.3;
				MTL_ENABLE_DEBUG_INFO = NO;
				SDKROOT = iphoneos;
				TARGETED_DEVICE_FAMILY = "1,2";
				VALIDATE_PRODUCT = YES;
				VERSIONING_SYSTEM = "apple-generic";
				VERSION_INFO_PREFIX = "";
			};
			name = Release;
		};
		F6B6E77F1D68A6E0004AA48A /* Debug */ = {
			isa = XCBuildConfiguration;
			buildSettings = {
				DEFINES_MODULE = YES;
				DYLIB_COMPATIBILITY_VERSION = 1;
				DYLIB_CURRENT_VERSION = 1;
				DYLIB_INSTALL_NAME_BASE = "@rpath";
				GCC_PREFIX_HEADER = "Supporting Files/HHServices-Prefix.pch";
				INFOPLIST_FILE = "Supporting Files/Info.plist";
				INSTALL_PATH = "$(LOCAL_LIBRARY_DIR)/Frameworks";
				IPHONEOS_DEPLOYMENT_TARGET = 8.0;
				LD_RUNPATH_SEARCH_PATHS = "$(inherited) @executable_path/Frameworks @loader_path/Frameworks";
				PRODUCT_BUNDLE_IDENTIFIER = se.leafnode.HHServices;
				PRODUCT_NAME = "$(TARGET_NAME)";
				SKIP_INSTALL = YES;
				TVOS_DEPLOYMENT_TARGET = 9.0;
				WATCHOS_DEPLOYMENT_TARGET = 2.0;
			};
			name = Debug;
		};
		F6B6E7801D68A6E0004AA48A /* Release */ = {
			isa = XCBuildConfiguration;
			buildSettings = {
				DEFINES_MODULE = YES;
				DYLIB_COMPATIBILITY_VERSION = 1;
				DYLIB_CURRENT_VERSION = 1;
				DYLIB_INSTALL_NAME_BASE = "@rpath";
				GCC_PREFIX_HEADER = "Supporting Files/HHServices-Prefix.pch";
				INFOPLIST_FILE = "Supporting Files/Info.plist";
				INSTALL_PATH = "$(LOCAL_LIBRARY_DIR)/Frameworks";
				IPHONEOS_DEPLOYMENT_TARGET = 8.0;
				LD_RUNPATH_SEARCH_PATHS = "$(inherited) @executable_path/Frameworks @loader_path/Frameworks";
				PRODUCT_BUNDLE_IDENTIFIER = se.leafnode.HHServices;
				PRODUCT_NAME = "$(TARGET_NAME)";
				SKIP_INSTALL = YES;
				TVOS_DEPLOYMENT_TARGET = 9.0;
				WATCHOS_DEPLOYMENT_TARGET = 2.0;
			};
			name = Release;
		};
/* End XCBuildConfiguration section */

/* Begin XCConfigurationList section */
		F6B6E7701D68A6E0004AA48A /* Build configuration list for PBXProject "HHServices" */ = {
			isa = XCConfigurationList;
			buildConfigurations = (
				F6B6E77C1D68A6E0004AA48A /* Debug */,
				F6B6E77D1D68A6E0004AA48A /* Release */,
			);
			defaultConfigurationIsVisible = 0;
			defaultConfigurationName = Release;
		};
		F6B6E77E1D68A6E0004AA48A /* Build configuration list for PBXNativeTarget "HHServices" */ = {
			isa = XCConfigurationList;
			buildConfigurations = (
				F6B6E77F1D68A6E0004AA48A /* Debug */,
				F6B6E7801D68A6E0004AA48A /* Release */,
			);
			defaultConfigurationIsVisible = 0;
			defaultConfigurationName = Release;
		};
/* End XCConfigurationList section */
	};
	rootObject = F6B6E76D1D68A6E0004AA48A /* Project object */;
}
